
Microsoft Visual Studio Solution File, Format Version 12.00
# Visual Studio Version 17
VisualStudioVersion = 17.5.33627.172
MinimumVisualStudioVersion = 10.0.40219.1
Project("{FAE04EC0-301F-11D3-BF4B-00C04F79EFBC}") = "HeapLib", "HeapLib\HeapLib.csproj", "{89CE3C3A-098B-4215-AD35-685C69A8ACF4}"
EndProject
Project("{FAE04EC0-301F-11D3-BF4B-00C04F79EFBC}") = "HeapLib.Tests", "HeapLib.Tests\HeapLib.Tests.csproj", "{76FC1AEA-D666-4093-9F95-D052282FB173}"
EndProject
Global
	GlobalSection(SolutionConfigurationPlatforms) = preSolution
		Debug|Any CPU = Debug|Any CPU
		Release|Any CPU = Release|Any CPU
	EndGlobalSection
	GlobalSection(ProjectConfigurationPlatforms) = postSolution
		{89CE3C3A-098B-4215-AD35-685C69A8ACF4}.Debug|Any CPU.ActiveCfg = Debug|Any CPU
		{89CE3C3A-098B-4215-AD35-685C69A8ACF4}.Debug|Any CPU.Build.0 = Debug|Any CPU
		{89CE3C3A-098B-4215-AD35-685C69A8ACF4}.Release|Any CPU.ActiveCfg = Release|Any CPU
		{89CE3C3A-098B-4215-AD35-685C69A8ACF4}.Release|Any CPU.Build.0 = Release|Any CPU
		{76FC1AEA-D666-4093-9F95-D052282FB173}.Debug|Any CPU.ActiveCfg = Debug|Any CPU
		{76FC1AEA-D666-4093-9F95-D052282FB173}.Debug|Any CPU.Build.0 = Debug|Any CPU
		{76FC1AEA-D666-4093-9F95-D052282FB173}.Release|Any CPU.ActiveCfg = Release|Any CPU
		{76FC1AEA-D666-4093-9F95-D052282FB173}.Release|Any CPU.Build.0 = Release|Any CPU
	EndGlobalSection
	GlobalSection(SolutionProperties) = preSolution
		HideSolutionNode = FALSE
	EndGlobalSection
	GlobalSection(ExtensibilityGlobals) = postSolution
		SolutionGuid = {CB0B4EC0-6470-4B78-873F-B180A23F4B18}
	EndGlobalSection
EndGlobal
